
Microsoft Visual Studio Solution File, Format Version 12.00
# Visual Studio Version 17
VisualStudioVersion = 17.12.35707.178
MinimumVisualStudioVersion = 10.0.40219.1
Project("{FAE04EC0-301F-11D3-BF4B-00C04F79EFBC}") = "ASI.Basecode.Data", "backend\ASI.Basecode.Data\ASI.Basecode.Data.csproj", "{4585F450-100D-40F1-83B4-A342A158A6C8}"
EndProject
Project("{FAE04EC0-301F-11D3-BF4B-00C04F79EFBC}") = "ASI.Basecode.Resources", "backend\ASI.Basecode.Resources\ASI.Basecode.Resources.csproj", "{C10183C8-98DA-4071-9598-1E0CEA740EC5}"
EndProject
Project("{FAE04EC0-301F-11D3-BF4B-00C04F79EFBC}") = "ASI.Basecode.Services", "backend\ASI.Basecode.Services\ASI.Basecode.Services.csproj", "{9BE56C94-34C1-421D-A5F5-6327FA2A4224}"
EndProject
Project("{FAE04EC0-301F-11D3-BF4B-00C04F79EFBC}") = "ASI.Basecode.WebApp", "backend\ASI.Basecode.WebApp\ASI.Basecode.WebApp.csproj", "{6F935E23-DABD-423A-A68E-DFAD8A24B829}"
EndProject
Global
	GlobalSection(SolutionConfigurationPlatforms) = preSolution
		Debug|Any CPU = Debug|Any CPU
		Release|Any CPU = Release|Any CPU
	EndGlobalSection
	GlobalSection(ProjectConfigurationPlatforms) = postSolution
		{4585F450-100D-40F1-83B4-A342A158A6C8}.Debug|Any CPU.ActiveCfg = Debug|Any CPU
		{4585F450-100D-40F1-83B4-A342A158A6C8}.Debug|Any CPU.Build.0 = Debug|Any CPU
		{4585F450-100D-40F1-83B4-A342A158A6C8}.Release|Any CPU.ActiveCfg = Release|Any CPU
		{4585F450-100D-40F1-83B4-A342A158A6C8}.Release|Any CPU.Build.0 = Release|Any CPU
		{C10183C8-98DA-4071-9598-1E0CEA740EC5}.Debug|Any CPU.ActiveCfg = Debug|Any CPU
		{C10183C8-98DA-4071-9598-1E0CEA740EC5}.Debug|Any CPU.Build.0 = Debug|Any CPU
		{C10183C8-98DA-4071-9598-1E0CEA740EC5}.Release|Any CPU.ActiveCfg = Release|Any CPU
		{C10183C8-98DA-4071-9598-1E0CEA740EC5}.Release|Any CPU.Build.0 = Release|Any CPU
		{9BE56C94-34C1-421D-A5F5-6327FA2A4224}.Debug|Any CPU.ActiveCfg = Debug|Any CPU
		{9BE56C94-34C1-421D-A5F5-6327FA2A4224}.Debug|Any CPU.Build.0 = Debug|Any CPU
		{9BE56C94-34C1-421D-A5F5-6327FA2A4224}.Release|Any CPU.ActiveCfg = Release|Any CPU
		{9BE56C94-34C1-421D-A5F5-6327FA2A4224}.Release|Any CPU.Build.0 = Release|Any CPU
		{6F935E23-DABD-423A-A68E-DFAD8A24B829}.Debug|Any CPU.ActiveCfg = Debug|Any CPU
		{6F935E23-DABD-423A-A68E-DFAD8A24B829}.Debug|Any CPU.Build.0 = Debug|Any CPU
		{6F935E23-DABD-423A-A68E-DFAD8A24B829}.Release|Any CPU.ActiveCfg = Release|Any CPU
		{6F935E23-DABD-423A-A68E-DFAD8A24B829}.Release|Any CPU.Build.0 = Release|Any CPU
	EndGlobalSection
	GlobalSection(SolutionProperties) = preSolution
		HideSolutionNode = FALSE
	EndGlobalSection
EndGlobal
