
Microsoft Visual Studio Solution File, Format Version 12.00
# Visual Studio Version 17
VisualStudioVersion = 17.14.36414.22
MinimumVisualStudioVersion = 10.0.40219.1
Project("{2150E333-8FDC-42A3-9474-1A3956D46DE8}") = "backend", "backend", "{1AE8ACA6-933B-BF2A-3671-3E2EAC007D16}"
EndProject
Project("{FAE04EC0-301F-11D3-BF4B-00C04F79EFBC}") = "Student-Performance-Tracker.Backend", "backend\Student-Performance-Tracker.Backend.csproj", "{690EB9EA-518F-4679-836F-CCCD4DD11E5E}"
EndProject
Project("{2150E333-8FDC-42A3-9474-1A3956D46DE8}") = "frontend", "frontend", "{CE609670-85B9-0D16-FB54-ED063D5D8A6D}"
EndProject
Project("{54A90642-561A-4BB1-A94E-469ADEE60C69}") = "Student-Performance-Tracker.Frontend", "frontend\Student-Performance-Tracker.Backend.csproj", "{63283263-104A-49BA-9207-F814B1213F96}"
EndProject
Global
	GlobalSection(SolutionConfigurationPlatforms) = preSolution
		Debug|Any CPU = Debug|Any CPU
		Debug|x64 = Debug|x64
		Debug|x86 = Debug|x86
		Release|Any CPU = Release|Any CPU
		Release|x64 = Release|x64
		Release|x86 = Release|x86
	EndGlobalSection
	GlobalSection(ProjectConfigurationPlatforms) = postSolution
		{690EB9EA-518F-4679-836F-CCCD4DD11E5E}.Debug|Any CPU.ActiveCfg = Debug|Any CPU
		{690EB9EA-518F-4679-836F-CCCD4DD11E5E}.Debug|Any CPU.Build.0 = Debug|Any CPU
		{690EB9EA-518F-4679-836F-CCCD4DD11E5E}.Debug|x64.ActiveCfg = Debug|Any CPU
		{690EB9EA-518F-4679-836F-CCCD4DD11E5E}.Debug|x64.Build.0 = Debug|Any CPU
		{690EB9EA-518F-4679-836F-CCCD4DD11E5E}.Debug|x86.ActiveCfg = Debug|Any CPU
		{690EB9EA-518F-4679-836F-CCCD4DD11E5E}.Debug|x86.Build.0 = Debug|Any CPU
		{690EB9EA-518F-4679-836F-CCCD4DD11E5E}.Release|Any CPU.ActiveCfg = Release|Any CPU
		{690EB9EA-518F-4679-836F-CCCD4DD11E5E}.Release|Any CPU.Build.0 = Release|Any CPU
		{690EB9EA-518F-4679-836F-CCCD4DD11E5E}.Release|x64.ActiveCfg = Release|Any CPU
		{690EB9EA-518F-4679-836F-CCCD4DD11E5E}.Release|x64.Build.0 = Release|Any CPU
		{690EB9EA-518F-4679-836F-CCCD4DD11E5E}.Release|x86.ActiveCfg = Release|Any CPU
		{690EB9EA-518F-4679-836F-CCCD4DD11E5E}.Release|x86.Build.0 = Release|Any CPU
		{63283263-104A-49BA-9207-F814B1213F96}.Debug|Any CPU.ActiveCfg = Debug|Any CPU
		{63283263-104A-49BA-9207-F814B1213F96}.Debug|x64.ActiveCfg = Debug|Any CPU
		{63283263-104A-49BA-9207-F814B1213F96}.Debug|x86.ActiveCfg = Debug|Any CPU
		{63283263-104A-49BA-9207-F814B1213F96}.Release|Any CPU.ActiveCfg = Release|Any CPU
		{63283263-104A-49BA-9207-F814B1213F96}.Release|x64.ActiveCfg = Release|Any CPU
		{63283263-104A-49BA-9207-F814B1213F96}.Release|x86.ActiveCfg = Release|Any CPU
	EndGlobalSection
	GlobalSection(SolutionProperties) = preSolution
		HideSolutionNode = FALSE
	EndGlobalSection
	GlobalSection(NestedProjects) = preSolution
		{690EB9EA-518F-4679-836F-CCCD4DD11E5E} = {1AE8ACA6-933B-BF2A-3671-3E2EAC007D16}
		{63283263-104A-49BA-9207-F814B1213F96} = {CE609670-85B9-0D16-FB54-ED063D5D8A6D}
	EndGlobalSection
	GlobalSection(ExtensibilityGlobals) = postSolution
		SolutionGuid = {0523F671-8989-4EA8-BEFA-4B65051A26A1}
	EndGlobalSection
EndGlobal
